
Microsoft Visual Studio Solution File, Format Version 12.00
# Visual Studio 15
VisualStudioVersion = 15.0.27703.2000
MinimumVisualStudioVersion = 10.0.40219.1
Project("{FAE04EC0-301F-11D3-BF4B-00C04F79EFBC}") = "XamarinTest.Android", "XamarinTest\XamarinTest.Android\XamarinTest.Android.csproj", "{671E480D-F827-4F33-A2F3-9A6A89085A55}"
EndProject
Project("{FAE04EC0-301F-11D3-BF4B-00C04F79EFBC}") = "XamarinTest", "XamarinTest\XamarinTest\XamarinTest.csproj", "{B8299C5E-89CE-4560-9170-69A5628F2A58}"
EndProject
Global
	GlobalSection(SolutionConfigurationPlatforms) = preSolution
		Debug|Any CPU = Debug|Any CPU
		Release|Any CPU = Release|Any CPU
	EndGlobalSection
	GlobalSection(ProjectConfigurationPlatforms) = postSolution
		{671E480D-F827-4F33-A2F3-9A6A89085A55}.Debug|Any CPU.ActiveCfg = Debug|Any CPU
		{671E480D-F827-4F33-A2F3-9A6A89085A55}.Debug|Any CPU.Build.0 = Debug|Any CPU
		{671E480D-F827-4F33-A2F3-9A6A89085A55}.Debug|Any CPU.Deploy.0 = Debug|Any CPU
		{671E480D-F827-4F33-A2F3-9A6A89085A55}.Release|Any CPU.ActiveCfg = Release|Any CPU
		{671E480D-F827-4F33-A2F3-9A6A89085A55}.Release|Any CPU.Build.0 = Release|Any CPU
		{671E480D-F827-4F33-A2F3-9A6A89085A55}.Release|Any CPU.Deploy.0 = Release|Any CPU
		{B8299C5E-89CE-4560-9170-69A5628F2A58}.Debug|Any CPU.ActiveCfg = Debug|Any CPU
		{B8299C5E-89CE-4560-9170-69A5628F2A58}.Debug|Any CPU.Build.0 = Debug|Any CPU
		{B8299C5E-89CE-4560-9170-69A5628F2A58}.Debug|Any CPU.Deploy.0 = Debug|Any CPU
		{B8299C5E-89CE-4560-9170-69A5628F2A58}.Release|Any CPU.ActiveCfg = Release|Any CPU
		{B8299C5E-89CE-4560-9170-69A5628F2A58}.Release|Any CPU.Build.0 = Release|Any CPU
		{B8299C5E-89CE-4560-9170-69A5628F2A58}.Release|Any CPU.Deploy.0 = Release|Any CPU
	EndGlobalSection
	GlobalSection(SolutionProperties) = preSolution
		HideSolutionNode = FALSE
	EndGlobalSection
	GlobalSection(ExtensibilityGlobals) = postSolution
		SolutionGuid = {64AB354B-4A86-4E61-A93D-92CFB15D12BB}
	EndGlobalSection
EndGlobal
